
Microsoft Visual Studio Solution File, Format Version 12.00
# Visual Studio Version 17
VisualStudioVersion = 17.11.35222.181
MinimumVisualStudioVersion = 10.0.40219.1
Project("{FAE04EC0-301F-11D3-BF4B-00C04F79EFBC}") = "EnokoMod", "EnokoMod\EnokoMod.csproj", "{793233CB-8AA0-4998-91D9-1E2E8E4B66E6}"
EndProject
Global
	GlobalSection(SolutionConfigurationPlatforms) = preSolution
		Debug|Any CPU = Debug|Any CPU
		Release|Any CPU = Release|Any CPU
	EndGlobalSection
	GlobalSection(ProjectConfigurationPlatforms) = postSolution
		{793233CB-8AA0-4998-91D9-1E2E8E4B66E6}.Debug|Any CPU.ActiveCfg = Debug|Any CPU
		{793233CB-8AA0-4998-91D9-1E2E8E4B66E6}.Debug|Any CPU.Build.0 = Debug|Any CPU
		{793233CB-8AA0-4998-91D9-1E2E8E4B66E6}.Release|Any CPU.ActiveCfg = Release|Any CPU
		{793233CB-8AA0-4998-91D9-1E2E8E4B66E6}.Release|Any CPU.Build.0 = Release|Any CPU
	EndGlobalSection
	GlobalSection(SolutionProperties) = preSolution
		HideSolutionNode = FALSE
	EndGlobalSection
	GlobalSection(ExtensibilityGlobals) = postSolution
		SolutionGuid = {3A717EF9-D834-4683-8F5E-DA38B97253FA}
	EndGlobalSection
EndGlobal
